
Microsoft Visual Studio Solution File, Format Version 12.00
# Visual Studio 15
VisualStudioVersion = 15.0.28010.2036
MinimumVisualStudioVersion = 10.0.40219.1
Project("{9A19103F-16F7-4668-BE54-9A1E7A4F7556}") = "01.CountSameValuesInArray", "01.CountSameValuesInArray\01.CountSameValuesInArray.csproj", "{C394254E-6173-4974-BC53-71902C6798BE}"
EndProject
Project("{FAE04EC0-301F-11D3-BF4B-00C04F79EFBC}") = "02.AverageStudentGrade", "02.AverageStudentGrade\02.AverageStudentGrade.csproj", "{3CA523F0-30CE-4A56-B86F-185434E719A9}"
EndProject
Global
	GlobalSection(SolutionConfigurationPlatforms) = preSolution
		Debug|Any CPU = Debug|Any CPU
		Release|Any CPU = Release|Any CPU
	EndGlobalSection
	GlobalSection(ProjectConfigurationPlatforms) = postSolution
		{C394254E-6173-4974-BC53-71902C6798BE}.Debug|Any CPU.ActiveCfg = Debug|Any CPU
		{C394254E-6173-4974-BC53-71902C6798BE}.Debug|Any CPU.Build.0 = Debug|Any CPU
		{C394254E-6173-4974-BC53-71902C6798BE}.Release|Any CPU.ActiveCfg = Release|Any CPU
		{C394254E-6173-4974-BC53-71902C6798BE}.Release|Any CPU.Build.0 = Release|Any CPU
		{3CA523F0-30CE-4A56-B86F-185434E719A9}.Debug|Any CPU.ActiveCfg = Debug|Any CPU
		{3CA523F0-30CE-4A56-B86F-185434E719A9}.Debug|Any CPU.Build.0 = Debug|Any CPU
		{3CA523F0-30CE-4A56-B86F-185434E719A9}.Release|Any CPU.ActiveCfg = Release|Any CPU
		{3CA523F0-30CE-4A56-B86F-185434E719A9}.Release|Any CPU.Build.0 = Release|Any CPU
	EndGlobalSection
	GlobalSection(SolutionProperties) = preSolution
		HideSolutionNode = FALSE
	EndGlobalSection
	GlobalSection(ExtensibilityGlobals) = postSolution
		SolutionGuid = {15FA3DED-40BA-4649-8932-03B499CC68FA}
	EndGlobalSection
EndGlobal
