
Microsoft Visual Studio Solution File, Format Version 12.00
# Visual Studio 15
VisualStudioVersion = 15.0.28010.2048
MinimumVisualStudioVersion = 10.0.40219.1
Project("{9A19103F-16F7-4668-BE54-9A1E7A4F7556}") = "01.SingleInheritance", "01.SingleInheritance\01.SingleInheritance.csproj", "{9278F851-0B5C-48C1-B44B-7061D31DB65F}"
EndProject
Project("{FAE04EC0-301F-11D3-BF4B-00C04F79EFBC}") = "02.MultipleInheritance", "02.MultipleInheritance\02.MultipleInheritance.csproj", "{8B523373-1AF6-4770-A86E-778E62AF0946}"
EndProject
Project("{FAE04EC0-301F-11D3-BF4B-00C04F79EFBC}") = "03.HierarchicalInheritance", "03.HierarchicalInheritance\03.HierarchicalInheritance.csproj", "{3FFE47AC-924B-486E-B1CA-F7D7AB477D3B}"
EndProject
Global
	GlobalSection(SolutionConfigurationPlatforms) = preSolution
		Debug|Any CPU = Debug|Any CPU
		Release|Any CPU = Release|Any CPU
	EndGlobalSection
	GlobalSection(ProjectConfigurationPlatforms) = postSolution
		{9278F851-0B5C-48C1-B44B-7061D31DB65F}.Debug|Any CPU.ActiveCfg = Debug|Any CPU
		{9278F851-0B5C-48C1-B44B-7061D31DB65F}.Debug|Any CPU.Build.0 = Debug|Any CPU
		{9278F851-0B5C-48C1-B44B-7061D31DB65F}.Release|Any CPU.ActiveCfg = Release|Any CPU
		{9278F851-0B5C-48C1-B44B-7061D31DB65F}.Release|Any CPU.Build.0 = Release|Any CPU
		{8B523373-1AF6-4770-A86E-778E62AF0946}.Debug|Any CPU.ActiveCfg = Debug|Any CPU
		{8B523373-1AF6-4770-A86E-778E62AF0946}.Debug|Any CPU.Build.0 = Debug|Any CPU
		{8B523373-1AF6-4770-A86E-778E62AF0946}.Release|Any CPU.ActiveCfg = Release|Any CPU
		{8B523373-1AF6-4770-A86E-778E62AF0946}.Release|Any CPU.Build.0 = Release|Any CPU
		{3FFE47AC-924B-486E-B1CA-F7D7AB477D3B}.Debug|Any CPU.ActiveCfg = Debug|Any CPU
		{3FFE47AC-924B-486E-B1CA-F7D7AB477D3B}.Debug|Any CPU.Build.0 = Debug|Any CPU
		{3FFE47AC-924B-486E-B1CA-F7D7AB477D3B}.Release|Any CPU.ActiveCfg = Release|Any CPU
		{3FFE47AC-924B-486E-B1CA-F7D7AB477D3B}.Release|Any CPU.Build.0 = Release|Any CPU
	EndGlobalSection
	GlobalSection(SolutionProperties) = preSolution
		HideSolutionNode = FALSE
	EndGlobalSection
	GlobalSection(ExtensibilityGlobals) = postSolution
		SolutionGuid = {FEE18EDD-EFC4-4706-814A-2209FCA5F170}
	EndGlobalSection
EndGlobal
