
Microsoft Visual Studio Solution File, Format Version 12.00
# Visual Studio 15
VisualStudioVersion = 15.0.28307.136
MinimumVisualStudioVersion = 10.0.40219.1
Project("{9A19103F-16F7-4668-BE54-9A1E7A4F7556}") = "Library", "IteratorsAndComparatorsLab\Library.csproj", "{71AD8385-3255-42F7-81ED-2E20D6EE2470}"
EndProject
Global
	GlobalSection(SolutionConfigurationPlatforms) = preSolution
		Debug|Any CPU = Debug|Any CPU
		Release|Any CPU = Release|Any CPU
	EndGlobalSection
	GlobalSection(ProjectConfigurationPlatforms) = postSolution
		{71AD8385-3255-42F7-81ED-2E20D6EE2470}.Debug|Any CPU.ActiveCfg = Debug|Any CPU
		{71AD8385-3255-42F7-81ED-2E20D6EE2470}.Debug|Any CPU.Build.0 = Debug|Any CPU
		{71AD8385-3255-42F7-81ED-2E20D6EE2470}.Release|Any CPU.ActiveCfg = Release|Any CPU
		{71AD8385-3255-42F7-81ED-2E20D6EE2470}.Release|Any CPU.Build.0 = Release|Any CPU
	EndGlobalSection
	GlobalSection(SolutionProperties) = preSolution
		HideSolutionNode = FALSE
	EndGlobalSection
	GlobalSection(ExtensibilityGlobals) = postSolution
		SolutionGuid = {8A219639-CE75-4251-A89D-8891D8C8037B}
	EndGlobalSection
EndGlobal
