
Microsoft Visual Studio Solution File, Format Version 12.00
# Visual Studio 15
VisualStudioVersion = 15.0.28010.2046
MinimumVisualStudioVersion = 10.0.40219.1
Project("{FAE04EC0-301F-11D3-BF4B-00C04F79EFBC}") = "01.DataTransfer", "01.DataTransfer\01.DataTransfer.csproj", "{9A1AE17E-0059-4836-A2CC-D2CFF3DF8ED0}"
EndProject
Project("{FAE04EC0-301F-11D3-BF4B-00C04F79EFBC}") = "02.Targam", "02.Targam\02.Targam.csproj", "{5D8F3724-AF24-4233-A0D1-184360DB437F}"
EndProject
Project("{FAE04EC0-301F-11D3-BF4B-00C04F79EFBC}") = "03.Miner", "03.Miner\03.Miner.csproj", "{67DF701B-6024-44BA-85EA-4410CC0D8219}"
EndProject
Project("{FAE04EC0-301F-11D3-BF4B-00C04F79EFBC}") = "04.CupsAndBottles", "04.CupsAndBottles\04.CupsAndBottles.csproj", "{C54D1248-01D5-4A67-9E6D-DF06E8CF5E17}"
EndProject
Global
	GlobalSection(SolutionConfigurationPlatforms) = preSolution
		Debug|Any CPU = Debug|Any CPU
		Release|Any CPU = Release|Any CPU
	EndGlobalSection
	GlobalSection(ProjectConfigurationPlatforms) = postSolution
		{9A1AE17E-0059-4836-A2CC-D2CFF3DF8ED0}.Debug|Any CPU.ActiveCfg = Debug|Any CPU
		{9A1AE17E-0059-4836-A2CC-D2CFF3DF8ED0}.Debug|Any CPU.Build.0 = Debug|Any CPU
		{9A1AE17E-0059-4836-A2CC-D2CFF3DF8ED0}.Release|Any CPU.ActiveCfg = Release|Any CPU
		{9A1AE17E-0059-4836-A2CC-D2CFF3DF8ED0}.Release|Any CPU.Build.0 = Release|Any CPU
		{5D8F3724-AF24-4233-A0D1-184360DB437F}.Debug|Any CPU.ActiveCfg = Debug|Any CPU
		{5D8F3724-AF24-4233-A0D1-184360DB437F}.Debug|Any CPU.Build.0 = Debug|Any CPU
		{5D8F3724-AF24-4233-A0D1-184360DB437F}.Release|Any CPU.ActiveCfg = Release|Any CPU
		{5D8F3724-AF24-4233-A0D1-184360DB437F}.Release|Any CPU.Build.0 = Release|Any CPU
		{67DF701B-6024-44BA-85EA-4410CC0D8219}.Debug|Any CPU.ActiveCfg = Debug|Any CPU
		{67DF701B-6024-44BA-85EA-4410CC0D8219}.Debug|Any CPU.Build.0 = Debug|Any CPU
		{67DF701B-6024-44BA-85EA-4410CC0D8219}.Release|Any CPU.ActiveCfg = Release|Any CPU
		{67DF701B-6024-44BA-85EA-4410CC0D8219}.Release|Any CPU.Build.0 = Release|Any CPU
		{C54D1248-01D5-4A67-9E6D-DF06E8CF5E17}.Debug|Any CPU.ActiveCfg = Debug|Any CPU
		{C54D1248-01D5-4A67-9E6D-DF06E8CF5E17}.Debug|Any CPU.Build.0 = Debug|Any CPU
		{C54D1248-01D5-4A67-9E6D-DF06E8CF5E17}.Release|Any CPU.ActiveCfg = Release|Any CPU
		{C54D1248-01D5-4A67-9E6D-DF06E8CF5E17}.Release|Any CPU.Build.0 = Release|Any CPU
	EndGlobalSection
	GlobalSection(SolutionProperties) = preSolution
		HideSolutionNode = FALSE
	EndGlobalSection
	GlobalSection(ExtensibilityGlobals) = postSolution
		SolutionGuid = {B27801F0-C5FB-49A7-A01D-177A44D572D1}
	EndGlobalSection
EndGlobal
