
Microsoft Visual Studio Solution File, Format Version 12.00
# Visual Studio 15
VisualStudioVersion = 15.0.28010.2046
MinimumVisualStudioVersion = 10.0.40219.1
Project("{9A19103F-16F7-4668-BE54-9A1E7A4F7556}") = "04.CupsAndBottles", "01.Problem\04.CupsAndBottles.csproj", "{9B4EE938-373B-41FF-80E0-131D0F361D6E}"
EndProject
Project("{9A19103F-16F7-4668-BE54-9A1E7A4F7556}") = "02.Targam", "02.Problem2\02.Targam.csproj", "{1FF4E21F-FEA1-4D62-B65E-5502A6635FCF}"
EndProject
Project("{9A19103F-16F7-4668-BE54-9A1E7A4F7556}") = "03.Miner", "03.Problem3\03.Miner.csproj", "{670ACB97-7DE0-4031-997B-512A8273A394}"
EndProject
Project("{9A19103F-16F7-4668-BE54-9A1E7A4F7556}") = "01.DataTransfer", "04.Prob4\01.DataTransfer.csproj", "{6F8B5101-F3AF-46D6-83A1-02416C8692B6}"
EndProject
Global
	GlobalSection(SolutionConfigurationPlatforms) = preSolution
		Debug|Any CPU = Debug|Any CPU
		Release|Any CPU = Release|Any CPU
	EndGlobalSection
	GlobalSection(ProjectConfigurationPlatforms) = postSolution
		{9B4EE938-373B-41FF-80E0-131D0F361D6E}.Debug|Any CPU.ActiveCfg = Debug|Any CPU
		{9B4EE938-373B-41FF-80E0-131D0F361D6E}.Debug|Any CPU.Build.0 = Debug|Any CPU
		{9B4EE938-373B-41FF-80E0-131D0F361D6E}.Release|Any CPU.ActiveCfg = Release|Any CPU
		{9B4EE938-373B-41FF-80E0-131D0F361D6E}.Release|Any CPU.Build.0 = Release|Any CPU
		{1FF4E21F-FEA1-4D62-B65E-5502A6635FCF}.Debug|Any CPU.ActiveCfg = Debug|Any CPU
		{1FF4E21F-FEA1-4D62-B65E-5502A6635FCF}.Debug|Any CPU.Build.0 = Debug|Any CPU
		{1FF4E21F-FEA1-4D62-B65E-5502A6635FCF}.Release|Any CPU.ActiveCfg = Release|Any CPU
		{1FF4E21F-FEA1-4D62-B65E-5502A6635FCF}.Release|Any CPU.Build.0 = Release|Any CPU
		{670ACB97-7DE0-4031-997B-512A8273A394}.Debug|Any CPU.ActiveCfg = Debug|Any CPU
		{670ACB97-7DE0-4031-997B-512A8273A394}.Debug|Any CPU.Build.0 = Debug|Any CPU
		{670ACB97-7DE0-4031-997B-512A8273A394}.Release|Any CPU.ActiveCfg = Release|Any CPU
		{670ACB97-7DE0-4031-997B-512A8273A394}.Release|Any CPU.Build.0 = Release|Any CPU
		{6F8B5101-F3AF-46D6-83A1-02416C8692B6}.Debug|Any CPU.ActiveCfg = Debug|Any CPU
		{6F8B5101-F3AF-46D6-83A1-02416C8692B6}.Debug|Any CPU.Build.0 = Debug|Any CPU
		{6F8B5101-F3AF-46D6-83A1-02416C8692B6}.Release|Any CPU.ActiveCfg = Release|Any CPU
		{6F8B5101-F3AF-46D6-83A1-02416C8692B6}.Release|Any CPU.Build.0 = Release|Any CPU
	EndGlobalSection
	GlobalSection(SolutionProperties) = preSolution
		HideSolutionNode = FALSE
	EndGlobalSection
	GlobalSection(ExtensibilityGlobals) = postSolution
		SolutionGuid = {D55C2D41-014A-4A44-BC4D-D1F828C2897C}
	EndGlobalSection
EndGlobal
