
Microsoft Visual Studio Solution File, Format Version 12.00
# Visual Studio 15
VisualStudioVersion = 15.0.28010.2026
MinimumVisualStudioVersion = 10.0.40219.1
Project("{9A19103F-16F7-4668-BE54-9A1E7A4F7556}") = "01.ReverseNumberswithStack", "01.ReverseNumberswithStack\01.ReverseNumberswithStack.csproj", "{F8613BA7-1F85-43D5-B630-4C559121217C}"
EndProject
Project("{9A19103F-16F7-4668-BE54-9A1E7A4F7556}") = "02.BasicStackOperations", "02.BasicStackOperations\02.BasicStackOperations.csproj", "{FBFE5604-1A50-49EA-8AB8-192677A2CC67}"
EndProject
Project("{9A19103F-16F7-4668-BE54-9A1E7A4F7556}") = "03.MaximumElement", "03.MaximumElement\03.MaximumElement.csproj", "{732EC8D5-FD18-4D60-9993-1D30EFAA11EF}"
EndProject
Project("{9A19103F-16F7-4668-BE54-9A1E7A4F7556}") = "04.BasicQueueOperations", "04.BasicQueueOperations\04.BasicQueueOperations.csproj", "{004A4D68-63B3-4B73-9702-C35C9BA966C9}"
EndProject
Project("{9A19103F-16F7-4668-BE54-9A1E7A4F7556}") = "05.SequenceWithQueue", "05.SequenceWithQueue\05.SequenceWithQueue.csproj", "{92DC361D-7AF3-4C0C-91C1-670473C06A63}"
EndProject
Project("{9A19103F-16F7-4668-BE54-9A1E7A4F7556}") = "06.TruckTour", "06.TruckTour\06.TruckTour.csproj", "{AC9A46E2-321A-4DB9-9C20-5E88E2690E5B}"
EndProject
Project("{9A19103F-16F7-4668-BE54-9A1E7A4F7556}") = "07.BalancedParenthesis", "07.BalancedParenthesis\07.BalancedParenthesis.csproj", "{2DCC3E25-A6FE-4CDF-8258-4CB04119F8D3}"
EndProject
Project("{9A19103F-16F7-4668-BE54-9A1E7A4F7556}") = "08.StackFibonacci", "08.StackFibonacci\08.StackFibonacci.csproj", "{6AD39BD4-2C7C-4E07-A8AA-ADB5155E9B46}"
EndProject
Project("{FAE04EC0-301F-11D3-BF4B-00C04F79EFBC}") = "09.SimpleTextEditor", "09.SimpleTextEditor\09.SimpleTextEditor.csproj", "{03670816-D778-49BA-B168-B56543E934AA}"
EndProject
Project("{FAE04EC0-301F-11D3-BF4B-00C04F79EFBC}") = "10.PoisonousPlants", "10.PoisonousPlants\10.PoisonousPlants.csproj", "{779BB1D5-9533-45AC-AEDF-B8D18A5BA345}"
EndProject
Project("{FAE04EC0-301F-11D3-BF4B-00C04F79EFBC}") = "10.PoisonousPlants.v2", "10.PoisonousPlants.v2\10.PoisonousPlants.v2.csproj", "{02F0659E-ED72-45DE-8378-A6CE4471DC22}"
EndProject
Global
	GlobalSection(SolutionConfigurationPlatforms) = preSolution
		Debug|Any CPU = Debug|Any CPU
		Release|Any CPU = Release|Any CPU
	EndGlobalSection
	GlobalSection(ProjectConfigurationPlatforms) = postSolution
		{F8613BA7-1F85-43D5-B630-4C559121217C}.Debug|Any CPU.ActiveCfg = Debug|Any CPU
		{F8613BA7-1F85-43D5-B630-4C559121217C}.Debug|Any CPU.Build.0 = Debug|Any CPU
		{F8613BA7-1F85-43D5-B630-4C559121217C}.Release|Any CPU.ActiveCfg = Release|Any CPU
		{F8613BA7-1F85-43D5-B630-4C559121217C}.Release|Any CPU.Build.0 = Release|Any CPU
		{FBFE5604-1A50-49EA-8AB8-192677A2CC67}.Debug|Any CPU.ActiveCfg = Debug|Any CPU
		{FBFE5604-1A50-49EA-8AB8-192677A2CC67}.Debug|Any CPU.Build.0 = Debug|Any CPU
		{FBFE5604-1A50-49EA-8AB8-192677A2CC67}.Release|Any CPU.ActiveCfg = Release|Any CPU
		{FBFE5604-1A50-49EA-8AB8-192677A2CC67}.Release|Any CPU.Build.0 = Release|Any CPU
		{732EC8D5-FD18-4D60-9993-1D30EFAA11EF}.Debug|Any CPU.ActiveCfg = Debug|Any CPU
		{732EC8D5-FD18-4D60-9993-1D30EFAA11EF}.Debug|Any CPU.Build.0 = Debug|Any CPU
		{732EC8D5-FD18-4D60-9993-1D30EFAA11EF}.Release|Any CPU.ActiveCfg = Release|Any CPU
		{732EC8D5-FD18-4D60-9993-1D30EFAA11EF}.Release|Any CPU.Build.0 = Release|Any CPU
		{004A4D68-63B3-4B73-9702-C35C9BA966C9}.Debug|Any CPU.ActiveCfg = Debug|Any CPU
		{004A4D68-63B3-4B73-9702-C35C9BA966C9}.Debug|Any CPU.Build.0 = Debug|Any CPU
		{004A4D68-63B3-4B73-9702-C35C9BA966C9}.Release|Any CPU.ActiveCfg = Release|Any CPU
		{004A4D68-63B3-4B73-9702-C35C9BA966C9}.Release|Any CPU.Build.0 = Release|Any CPU
		{92DC361D-7AF3-4C0C-91C1-670473C06A63}.Debug|Any CPU.ActiveCfg = Debug|Any CPU
		{92DC361D-7AF3-4C0C-91C1-670473C06A63}.Debug|Any CPU.Build.0 = Debug|Any CPU
		{92DC361D-7AF3-4C0C-91C1-670473C06A63}.Release|Any CPU.ActiveCfg = Release|Any CPU
		{92DC361D-7AF3-4C0C-91C1-670473C06A63}.Release|Any CPU.Build.0 = Release|Any CPU
		{AC9A46E2-321A-4DB9-9C20-5E88E2690E5B}.Debug|Any CPU.ActiveCfg = Debug|Any CPU
		{AC9A46E2-321A-4DB9-9C20-5E88E2690E5B}.Debug|Any CPU.Build.0 = Debug|Any CPU
		{AC9A46E2-321A-4DB9-9C20-5E88E2690E5B}.Release|Any CPU.ActiveCfg = Release|Any CPU
		{AC9A46E2-321A-4DB9-9C20-5E88E2690E5B}.Release|Any CPU.Build.0 = Release|Any CPU
		{2DCC3E25-A6FE-4CDF-8258-4CB04119F8D3}.Debug|Any CPU.ActiveCfg = Debug|Any CPU
		{2DCC3E25-A6FE-4CDF-8258-4CB04119F8D3}.Debug|Any CPU.Build.0 = Debug|Any CPU
		{2DCC3E25-A6FE-4CDF-8258-4CB04119F8D3}.Release|Any CPU.ActiveCfg = Release|Any CPU
		{2DCC3E25-A6FE-4CDF-8258-4CB04119F8D3}.Release|Any CPU.Build.0 = Release|Any CPU
		{6AD39BD4-2C7C-4E07-A8AA-ADB5155E9B46}.Debug|Any CPU.ActiveCfg = Debug|Any CPU
		{6AD39BD4-2C7C-4E07-A8AA-ADB5155E9B46}.Debug|Any CPU.Build.0 = Debug|Any CPU
		{6AD39BD4-2C7C-4E07-A8AA-ADB5155E9B46}.Release|Any CPU.ActiveCfg = Release|Any CPU
		{6AD39BD4-2C7C-4E07-A8AA-ADB5155E9B46}.Release|Any CPU.Build.0 = Release|Any CPU
		{03670816-D778-49BA-B168-B56543E934AA}.Debug|Any CPU.ActiveCfg = Debug|Any CPU
		{03670816-D778-49BA-B168-B56543E934AA}.Debug|Any CPU.Build.0 = Debug|Any CPU
		{03670816-D778-49BA-B168-B56543E934AA}.Release|Any CPU.ActiveCfg = Release|Any CPU
		{03670816-D778-49BA-B168-B56543E934AA}.Release|Any CPU.Build.0 = Release|Any CPU
		{779BB1D5-9533-45AC-AEDF-B8D18A5BA345}.Debug|Any CPU.ActiveCfg = Debug|Any CPU
		{779BB1D5-9533-45AC-AEDF-B8D18A5BA345}.Debug|Any CPU.Build.0 = Debug|Any CPU
		{779BB1D5-9533-45AC-AEDF-B8D18A5BA345}.Release|Any CPU.ActiveCfg = Release|Any CPU
		{779BB1D5-9533-45AC-AEDF-B8D18A5BA345}.Release|Any CPU.Build.0 = Release|Any CPU
		{02F0659E-ED72-45DE-8378-A6CE4471DC22}.Debug|Any CPU.ActiveCfg = Debug|Any CPU
		{02F0659E-ED72-45DE-8378-A6CE4471DC22}.Debug|Any CPU.Build.0 = Debug|Any CPU
		{02F0659E-ED72-45DE-8378-A6CE4471DC22}.Release|Any CPU.ActiveCfg = Release|Any CPU
		{02F0659E-ED72-45DE-8378-A6CE4471DC22}.Release|Any CPU.Build.0 = Release|Any CPU
	EndGlobalSection
	GlobalSection(SolutionProperties) = preSolution
		HideSolutionNode = FALSE
	EndGlobalSection
	GlobalSection(ExtensibilityGlobals) = postSolution
		SolutionGuid = {C292CC7D-5855-4FFB-B5D6-DB234775A846}
	EndGlobalSection
EndGlobal
