
Microsoft Visual Studio Solution File, Format Version 12.00
# Visual Studio 15
VisualStudioVersion = 15.0.28010.2050
MinimumVisualStudioVersion = 10.0.40219.1
Project("{FAE04EC0-301F-11D3-BF4B-00C04F79EFBC}") = "ExamPreparation-StorageMaster", "ExamPreparation-StorageMaster\ExamPreparation-StorageMaster.csproj", "{5DC7DBCF-CE6A-4BFD-843E-BDC9F37DEEFC}"
EndProject
Global
	GlobalSection(SolutionConfigurationPlatforms) = preSolution
		Debug|Any CPU = Debug|Any CPU
		Release|Any CPU = Release|Any CPU
	EndGlobalSection
	GlobalSection(ProjectConfigurationPlatforms) = postSolution
		{5DC7DBCF-CE6A-4BFD-843E-BDC9F37DEEFC}.Debug|Any CPU.ActiveCfg = Debug|Any CPU
		{5DC7DBCF-CE6A-4BFD-843E-BDC9F37DEEFC}.Debug|Any CPU.Build.0 = Debug|Any CPU
		{5DC7DBCF-CE6A-4BFD-843E-BDC9F37DEEFC}.Release|Any CPU.ActiveCfg = Release|Any CPU
		{5DC7DBCF-CE6A-4BFD-843E-BDC9F37DEEFC}.Release|Any CPU.Build.0 = Release|Any CPU
	EndGlobalSection
	GlobalSection(SolutionProperties) = preSolution
		HideSolutionNode = FALSE
	EndGlobalSection
	GlobalSection(ExtensibilityGlobals) = postSolution
		SolutionGuid = {90267370-7B8C-4136-98F4-BA4879767297}
	EndGlobalSection
EndGlobal
