
Microsoft Visual Studio Solution File, Format Version 12.00
# Visual Studio 15
VisualStudioVersion = 15.0.28307.136
MinimumVisualStudioVersion = 10.0.40219.1
Project("{9A19103F-16F7-4668-BE54-9A1E7A4F7556}") = "01.Database", "01.Database\01.Database.csproj", "{72997C7A-6940-4634-A66F-53B1A9AB79EB}"
EndProject
Project("{FAE04EC0-301F-11D3-BF4B-00C04F79EFBC}") = "DatabaseTests", "DatabaseTests\DatabaseTests.csproj", "{36E1C82B-EC26-415E-B791-21BE370B1EFB}"
EndProject
Global
	GlobalSection(SolutionConfigurationPlatforms) = preSolution
		Debug|Any CPU = Debug|Any CPU
		Release|Any CPU = Release|Any CPU
	EndGlobalSection
	GlobalSection(ProjectConfigurationPlatforms) = postSolution
		{72997C7A-6940-4634-A66F-53B1A9AB79EB}.Debug|Any CPU.ActiveCfg = Debug|Any CPU
		{72997C7A-6940-4634-A66F-53B1A9AB79EB}.Debug|Any CPU.Build.0 = Debug|Any CPU
		{72997C7A-6940-4634-A66F-53B1A9AB79EB}.Release|Any CPU.ActiveCfg = Release|Any CPU
		{72997C7A-6940-4634-A66F-53B1A9AB79EB}.Release|Any CPU.Build.0 = Release|Any CPU
		{36E1C82B-EC26-415E-B791-21BE370B1EFB}.Debug|Any CPU.ActiveCfg = Debug|Any CPU
		{36E1C82B-EC26-415E-B791-21BE370B1EFB}.Debug|Any CPU.Build.0 = Debug|Any CPU
		{36E1C82B-EC26-415E-B791-21BE370B1EFB}.Release|Any CPU.ActiveCfg = Release|Any CPU
		{36E1C82B-EC26-415E-B791-21BE370B1EFB}.Release|Any CPU.Build.0 = Release|Any CPU
	EndGlobalSection
	GlobalSection(SolutionProperties) = preSolution
		HideSolutionNode = FALSE
	EndGlobalSection
	GlobalSection(ExtensibilityGlobals) = postSolution
		SolutionGuid = {A4E506D1-8524-4EC0-BAC6-82F1E7819FD6}
	EndGlobalSection
EndGlobal
