
Microsoft Visual Studio Solution File, Format Version 12.00
# Visual Studio 15
VisualStudioVersion = 15.0.28010.2046
MinimumVisualStudioVersion = 10.0.40219.1
Project("{9A19103F-16F7-4668-BE54-9A1E7A4F7556}") = "01.Crossroads", "01.Crossroads\01.Crossroads.csproj", "{BF43A59F-042C-4BAB-AEB0-485C451A69D2}"
EndProject
Project("{FAE04EC0-301F-11D3-BF4B-00C04F79EFBC}") = "02.KnightGame", "02.KnightGame\02.KnightGame.csproj", "{DC4F013E-2C6F-4376-AC8C-E827FA0E7DDE}"
EndProject
Project("{FAE04EC0-301F-11D3-BF4B-00C04F79EFBC}") = "03.TicketTrouble", "03.TicketTrouble\03.TicketTrouble.csproj", "{537DA15E-48FC-40CB-B99B-93B278A7C4A4}"
EndProject
Global
	GlobalSection(SolutionConfigurationPlatforms) = preSolution
		Debug|Any CPU = Debug|Any CPU
		Release|Any CPU = Release|Any CPU
	EndGlobalSection
	GlobalSection(ProjectConfigurationPlatforms) = postSolution
		{BF43A59F-042C-4BAB-AEB0-485C451A69D2}.Debug|Any CPU.ActiveCfg = Debug|Any CPU
		{BF43A59F-042C-4BAB-AEB0-485C451A69D2}.Debug|Any CPU.Build.0 = Debug|Any CPU
		{BF43A59F-042C-4BAB-AEB0-485C451A69D2}.Release|Any CPU.ActiveCfg = Release|Any CPU
		{BF43A59F-042C-4BAB-AEB0-485C451A69D2}.Release|Any CPU.Build.0 = Release|Any CPU
		{DC4F013E-2C6F-4376-AC8C-E827FA0E7DDE}.Debug|Any CPU.ActiveCfg = Debug|Any CPU
		{DC4F013E-2C6F-4376-AC8C-E827FA0E7DDE}.Debug|Any CPU.Build.0 = Debug|Any CPU
		{DC4F013E-2C6F-4376-AC8C-E827FA0E7DDE}.Release|Any CPU.ActiveCfg = Release|Any CPU
		{DC4F013E-2C6F-4376-AC8C-E827FA0E7DDE}.Release|Any CPU.Build.0 = Release|Any CPU
		{537DA15E-48FC-40CB-B99B-93B278A7C4A4}.Debug|Any CPU.ActiveCfg = Debug|Any CPU
		{537DA15E-48FC-40CB-B99B-93B278A7C4A4}.Debug|Any CPU.Build.0 = Debug|Any CPU
		{537DA15E-48FC-40CB-B99B-93B278A7C4A4}.Release|Any CPU.ActiveCfg = Release|Any CPU
		{537DA15E-48FC-40CB-B99B-93B278A7C4A4}.Release|Any CPU.Build.0 = Release|Any CPU
	EndGlobalSection
	GlobalSection(SolutionProperties) = preSolution
		HideSolutionNode = FALSE
	EndGlobalSection
	GlobalSection(ExtensibilityGlobals) = postSolution
		SolutionGuid = {F02AB9ED-C451-491A-89DF-6134514CC15F}
	EndGlobalSection
EndGlobal
