
Microsoft Visual Studio Solution File, Format Version 12.00
# Visual Studio 15
VisualStudioVersion = 15.0.28307.106
MinimumVisualStudioVersion = 10.0.40219.1
Project("{9A19103F-16F7-4668-BE54-9A1E7A4F7556}") = "01.GenericBoxOfString", "01.GenericBoxOfString\01.GenericBoxOfString.csproj", "{8873C47E-3FF8-425F-8AE0-C028BABCE0BC}"
EndProject
Project("{9A19103F-16F7-4668-BE54-9A1E7A4F7556}") = "02.GenericBoxOfInt", "02.GenericBoxOfInt\02.GenericBoxOfInt.csproj", "{492DC1C1-6F68-4E73-8972-55F08EAC03D4}"
EndProject
Project("{9A19103F-16F7-4668-BE54-9A1E7A4F7556}") = "03.GenericSwapMethodString", "03.GenericSwapMethodString\03.GenericSwapMethodString.csproj", "{836EE633-F2B3-4AEB-B1D0-3B198DEE4A53}"
EndProject
Project("{9A19103F-16F7-4668-BE54-9A1E7A4F7556}") = "04.GenericSwapMethodInteger", "04.GenericSwapMethodInteger\04.GenericSwapMethodInteger.csproj", "{C6655246-B34D-4855-9B1D-6C36C08F3310}"
EndProject
Project("{9A19103F-16F7-4668-BE54-9A1E7A4F7556}") = "05.GenericCountMethodString", "05.GenericCountMethodString\05.GenericCountMethodString.csproj", "{F205DF2C-3E73-4866-8E3B-99666E8ED0BF}"
EndProject
Project("{9A19103F-16F7-4668-BE54-9A1E7A4F7556}") = "06.GenericCountMethodDouble", "06.GenericCountMethodDouble\06.GenericCountMethodDouble.csproj", "{0E2A5BC7-6462-412D-BD07-014B502D2CA3}"
EndProject
Project("{9A19103F-16F7-4668-BE54-9A1E7A4F7556}") = "07.CustomList", "07.CustomList\07.CustomList.csproj", "{997A1BF6-6AB6-4603-A9AE-A7F162B61644}"
EndProject
Project("{FAE04EC0-301F-11D3-BF4B-00C04F79EFBC}") = "10.Tuple", "10.Tuple\10.Tuple.csproj", "{A6288E34-4D5C-415C-B66D-03CEEA1B98EE}"
EndProject
Global
	GlobalSection(SolutionConfigurationPlatforms) = preSolution
		Debug|Any CPU = Debug|Any CPU
		Release|Any CPU = Release|Any CPU
	EndGlobalSection
	GlobalSection(ProjectConfigurationPlatforms) = postSolution
		{8873C47E-3FF8-425F-8AE0-C028BABCE0BC}.Debug|Any CPU.ActiveCfg = Debug|Any CPU
		{8873C47E-3FF8-425F-8AE0-C028BABCE0BC}.Debug|Any CPU.Build.0 = Debug|Any CPU
		{8873C47E-3FF8-425F-8AE0-C028BABCE0BC}.Release|Any CPU.ActiveCfg = Release|Any CPU
		{8873C47E-3FF8-425F-8AE0-C028BABCE0BC}.Release|Any CPU.Build.0 = Release|Any CPU
		{492DC1C1-6F68-4E73-8972-55F08EAC03D4}.Debug|Any CPU.ActiveCfg = Debug|Any CPU
		{492DC1C1-6F68-4E73-8972-55F08EAC03D4}.Debug|Any CPU.Build.0 = Debug|Any CPU
		{492DC1C1-6F68-4E73-8972-55F08EAC03D4}.Release|Any CPU.ActiveCfg = Release|Any CPU
		{492DC1C1-6F68-4E73-8972-55F08EAC03D4}.Release|Any CPU.Build.0 = Release|Any CPU
		{836EE633-F2B3-4AEB-B1D0-3B198DEE4A53}.Debug|Any CPU.ActiveCfg = Debug|Any CPU
		{836EE633-F2B3-4AEB-B1D0-3B198DEE4A53}.Debug|Any CPU.Build.0 = Debug|Any CPU
		{836EE633-F2B3-4AEB-B1D0-3B198DEE4A53}.Release|Any CPU.ActiveCfg = Release|Any CPU
		{836EE633-F2B3-4AEB-B1D0-3B198DEE4A53}.Release|Any CPU.Build.0 = Release|Any CPU
		{C6655246-B34D-4855-9B1D-6C36C08F3310}.Debug|Any CPU.ActiveCfg = Debug|Any CPU
		{C6655246-B34D-4855-9B1D-6C36C08F3310}.Debug|Any CPU.Build.0 = Debug|Any CPU
		{C6655246-B34D-4855-9B1D-6C36C08F3310}.Release|Any CPU.ActiveCfg = Release|Any CPU
		{C6655246-B34D-4855-9B1D-6C36C08F3310}.Release|Any CPU.Build.0 = Release|Any CPU
		{F205DF2C-3E73-4866-8E3B-99666E8ED0BF}.Debug|Any CPU.ActiveCfg = Debug|Any CPU
		{F205DF2C-3E73-4866-8E3B-99666E8ED0BF}.Debug|Any CPU.Build.0 = Debug|Any CPU
		{F205DF2C-3E73-4866-8E3B-99666E8ED0BF}.Release|Any CPU.ActiveCfg = Release|Any CPU
		{F205DF2C-3E73-4866-8E3B-99666E8ED0BF}.Release|Any CPU.Build.0 = Release|Any CPU
		{0E2A5BC7-6462-412D-BD07-014B502D2CA3}.Debug|Any CPU.ActiveCfg = Debug|Any CPU
		{0E2A5BC7-6462-412D-BD07-014B502D2CA3}.Debug|Any CPU.Build.0 = Debug|Any CPU
		{0E2A5BC7-6462-412D-BD07-014B502D2CA3}.Release|Any CPU.ActiveCfg = Release|Any CPU
		{0E2A5BC7-6462-412D-BD07-014B502D2CA3}.Release|Any CPU.Build.0 = Release|Any CPU
		{997A1BF6-6AB6-4603-A9AE-A7F162B61644}.Debug|Any CPU.ActiveCfg = Debug|Any CPU
		{997A1BF6-6AB6-4603-A9AE-A7F162B61644}.Debug|Any CPU.Build.0 = Debug|Any CPU
		{997A1BF6-6AB6-4603-A9AE-A7F162B61644}.Release|Any CPU.ActiveCfg = Release|Any CPU
		{997A1BF6-6AB6-4603-A9AE-A7F162B61644}.Release|Any CPU.Build.0 = Release|Any CPU
		{A6288E34-4D5C-415C-B66D-03CEEA1B98EE}.Debug|Any CPU.ActiveCfg = Debug|Any CPU
		{A6288E34-4D5C-415C-B66D-03CEEA1B98EE}.Debug|Any CPU.Build.0 = Debug|Any CPU
		{A6288E34-4D5C-415C-B66D-03CEEA1B98EE}.Release|Any CPU.ActiveCfg = Release|Any CPU
		{A6288E34-4D5C-415C-B66D-03CEEA1B98EE}.Release|Any CPU.Build.0 = Release|Any CPU
	EndGlobalSection
	GlobalSection(SolutionProperties) = preSolution
		HideSolutionNode = FALSE
	EndGlobalSection
	GlobalSection(ExtensibilityGlobals) = postSolution
		SolutionGuid = {B90D2274-79DB-4FE1-8E69-538DDA0DC728}
	EndGlobalSection
EndGlobal
