
Microsoft Visual Studio Solution File, Format Version 12.00
# Visual Studio 15
VisualStudioVersion = 15.0.28010.2048
MinimumVisualStudioVersion = 10.0.40219.1
Project("{9A19103F-16F7-4668-BE54-9A1E7A4F7556}") = "01.Person", "01.Person\01.Person.csproj", "{1A8FE47B-5B2F-4FD9-97D1-60CB50B183B1}"
EndProject
Project("{FAE04EC0-301F-11D3-BF4B-00C04F79EFBC}") = "02.BookShop", "02.BookShop\02.BookShop.csproj", "{2C3A42DD-5402-4222-910E-9AA365CC8DE0}"
EndProject
Project("{FAE04EC0-301F-11D3-BF4B-00C04F79EFBC}") = "03.Mankind", "03.Mankind\03.Mankind.csproj", "{8DE89E2D-64F4-4F8F-8804-43145A2A31B3}"
EndProject
Global
	GlobalSection(SolutionConfigurationPlatforms) = preSolution
		Debug|Any CPU = Debug|Any CPU
		Release|Any CPU = Release|Any CPU
	EndGlobalSection
	GlobalSection(ProjectConfigurationPlatforms) = postSolution
		{1A8FE47B-5B2F-4FD9-97D1-60CB50B183B1}.Debug|Any CPU.ActiveCfg = Debug|Any CPU
		{1A8FE47B-5B2F-4FD9-97D1-60CB50B183B1}.Debug|Any CPU.Build.0 = Debug|Any CPU
		{1A8FE47B-5B2F-4FD9-97D1-60CB50B183B1}.Release|Any CPU.ActiveCfg = Release|Any CPU
		{1A8FE47B-5B2F-4FD9-97D1-60CB50B183B1}.Release|Any CPU.Build.0 = Release|Any CPU
		{2C3A42DD-5402-4222-910E-9AA365CC8DE0}.Debug|Any CPU.ActiveCfg = Debug|Any CPU
		{2C3A42DD-5402-4222-910E-9AA365CC8DE0}.Debug|Any CPU.Build.0 = Debug|Any CPU
		{2C3A42DD-5402-4222-910E-9AA365CC8DE0}.Release|Any CPU.ActiveCfg = Release|Any CPU
		{2C3A42DD-5402-4222-910E-9AA365CC8DE0}.Release|Any CPU.Build.0 = Release|Any CPU
		{8DE89E2D-64F4-4F8F-8804-43145A2A31B3}.Debug|Any CPU.ActiveCfg = Debug|Any CPU
		{8DE89E2D-64F4-4F8F-8804-43145A2A31B3}.Debug|Any CPU.Build.0 = Debug|Any CPU
		{8DE89E2D-64F4-4F8F-8804-43145A2A31B3}.Release|Any CPU.ActiveCfg = Release|Any CPU
		{8DE89E2D-64F4-4F8F-8804-43145A2A31B3}.Release|Any CPU.Build.0 = Release|Any CPU
	EndGlobalSection
	GlobalSection(SolutionProperties) = preSolution
		HideSolutionNode = FALSE
	EndGlobalSection
	GlobalSection(ExtensibilityGlobals) = postSolution
		SolutionGuid = {ED14122D-0863-4FDE-8A74-A01B6B845D95}
	EndGlobalSection
EndGlobal
