
Microsoft Visual Studio Solution File, Format Version 12.00
# Visual Studio 15
VisualStudioVersion = 15.0.28010.2050
MinimumVisualStudioVersion = 10.0.40219.1
Project("{9A19103F-16F7-4668-BE54-9A1E7A4F7556}") = "01.InterfaceIPerson", "01.InterfaceIPerson\01.InterfaceIPerson.csproj", "{FC7061D2-86E9-40DE-A974-C3AB6AF27ADC}"
EndProject
Project("{9A19103F-16F7-4668-BE54-9A1E7A4F7556}") = "02.MultipleImplementation", "02.MultipleImplementation\02.MultipleImplementation.csproj", "{00F05E7F-E01C-40A9-AE65-E15BF693BE97}"
EndProject
Project("{9A19103F-16F7-4668-BE54-9A1E7A4F7556}") = "03.Ferrari", "03.Ferrari\03.Ferrari.csproj", "{DEEBA4FA-B5C9-4923-B9EE-769EF10983D3}"
EndProject
Project("{9A19103F-16F7-4668-BE54-9A1E7A4F7556}") = "04.Telephony", "04.Telephony\04.Telephony.csproj", "{1161DEC9-DEB9-4BA3-9088-97496C7DBFF6}"
EndProject
Project("{9A19103F-16F7-4668-BE54-9A1E7A4F7556}") = "05.BorderControl", "05.BorderControl\05.BorderControl.csproj", "{29987637-6F53-41A5-814E-6F509AD4C887}"
EndProject
Project("{9A19103F-16F7-4668-BE54-9A1E7A4F7556}") = "06.BirthdayCelebration", "06.BirthdayCelebration\06.BirthdayCelebration.csproj", "{71E5CC9F-E244-4520-A3EF-E3E088CB4694}"
EndProject
Project("{FAE04EC0-301F-11D3-BF4B-00C04F79EFBC}") = "08.MilitaryElite", "MilitaryEliteV1_2\08.MilitaryElite.csproj", "{900B302C-B113-4DD8-9C73-2ED822255137}"
EndProject
Project("{FAE04EC0-301F-11D3-BF4B-00C04F79EFBC}") = "07.FoodShortage", "FoodShortage\07.FoodShortage.csproj", "{40BD008E-FA99-4DC6-8AAE-04CA5351F896}"
EndProject
Project("{FAE04EC0-301F-11D3-BF4B-00C04F79EFBC}") = "09.CollectionHierarchy", "09.CollectionHierarchy\09.CollectionHierarchy.csproj", "{5244831E-3CCF-43FE-BBD8-98FA4F80CC47}"
EndProject
Project("{FAE04EC0-301F-11D3-BF4B-00C04F79EFBC}") = "10.ExplicitInterfaces", "10.ExplicitInterfaces\10.ExplicitInterfaces.csproj", "{035AB505-6B3A-4AB1-B6CF-FAAB0EDE19D0}"
EndProject
Global
	GlobalSection(SolutionConfigurationPlatforms) = preSolution
		Debug|Any CPU = Debug|Any CPU
		Release|Any CPU = Release|Any CPU
	EndGlobalSection
	GlobalSection(ProjectConfigurationPlatforms) = postSolution
		{FC7061D2-86E9-40DE-A974-C3AB6AF27ADC}.Debug|Any CPU.ActiveCfg = Debug|Any CPU
		{FC7061D2-86E9-40DE-A974-C3AB6AF27ADC}.Debug|Any CPU.Build.0 = Debug|Any CPU
		{FC7061D2-86E9-40DE-A974-C3AB6AF27ADC}.Release|Any CPU.ActiveCfg = Release|Any CPU
		{FC7061D2-86E9-40DE-A974-C3AB6AF27ADC}.Release|Any CPU.Build.0 = Release|Any CPU
		{00F05E7F-E01C-40A9-AE65-E15BF693BE97}.Debug|Any CPU.ActiveCfg = Debug|Any CPU
		{00F05E7F-E01C-40A9-AE65-E15BF693BE97}.Debug|Any CPU.Build.0 = Debug|Any CPU
		{00F05E7F-E01C-40A9-AE65-E15BF693BE97}.Release|Any CPU.ActiveCfg = Release|Any CPU
		{00F05E7F-E01C-40A9-AE65-E15BF693BE97}.Release|Any CPU.Build.0 = Release|Any CPU
		{DEEBA4FA-B5C9-4923-B9EE-769EF10983D3}.Debug|Any CPU.ActiveCfg = Debug|Any CPU
		{DEEBA4FA-B5C9-4923-B9EE-769EF10983D3}.Debug|Any CPU.Build.0 = Debug|Any CPU
		{DEEBA4FA-B5C9-4923-B9EE-769EF10983D3}.Release|Any CPU.ActiveCfg = Release|Any CPU
		{DEEBA4FA-B5C9-4923-B9EE-769EF10983D3}.Release|Any CPU.Build.0 = Release|Any CPU
		{1161DEC9-DEB9-4BA3-9088-97496C7DBFF6}.Debug|Any CPU.ActiveCfg = Debug|Any CPU
		{1161DEC9-DEB9-4BA3-9088-97496C7DBFF6}.Debug|Any CPU.Build.0 = Debug|Any CPU
		{1161DEC9-DEB9-4BA3-9088-97496C7DBFF6}.Release|Any CPU.ActiveCfg = Release|Any CPU
		{1161DEC9-DEB9-4BA3-9088-97496C7DBFF6}.Release|Any CPU.Build.0 = Release|Any CPU
		{29987637-6F53-41A5-814E-6F509AD4C887}.Debug|Any CPU.ActiveCfg = Debug|Any CPU
		{29987637-6F53-41A5-814E-6F509AD4C887}.Debug|Any CPU.Build.0 = Debug|Any CPU
		{29987637-6F53-41A5-814E-6F509AD4C887}.Release|Any CPU.ActiveCfg = Release|Any CPU
		{29987637-6F53-41A5-814E-6F509AD4C887}.Release|Any CPU.Build.0 = Release|Any CPU
		{71E5CC9F-E244-4520-A3EF-E3E088CB4694}.Debug|Any CPU.ActiveCfg = Debug|Any CPU
		{71E5CC9F-E244-4520-A3EF-E3E088CB4694}.Debug|Any CPU.Build.0 = Debug|Any CPU
		{71E5CC9F-E244-4520-A3EF-E3E088CB4694}.Release|Any CPU.ActiveCfg = Release|Any CPU
		{71E5CC9F-E244-4520-A3EF-E3E088CB4694}.Release|Any CPU.Build.0 = Release|Any CPU
		{900B302C-B113-4DD8-9C73-2ED822255137}.Debug|Any CPU.ActiveCfg = Debug|Any CPU
		{900B302C-B113-4DD8-9C73-2ED822255137}.Debug|Any CPU.Build.0 = Debug|Any CPU
		{900B302C-B113-4DD8-9C73-2ED822255137}.Release|Any CPU.ActiveCfg = Release|Any CPU
		{900B302C-B113-4DD8-9C73-2ED822255137}.Release|Any CPU.Build.0 = Release|Any CPU
		{40BD008E-FA99-4DC6-8AAE-04CA5351F896}.Debug|Any CPU.ActiveCfg = Debug|Any CPU
		{40BD008E-FA99-4DC6-8AAE-04CA5351F896}.Debug|Any CPU.Build.0 = Debug|Any CPU
		{40BD008E-FA99-4DC6-8AAE-04CA5351F896}.Release|Any CPU.ActiveCfg = Release|Any CPU
		{40BD008E-FA99-4DC6-8AAE-04CA5351F896}.Release|Any CPU.Build.0 = Release|Any CPU
		{5244831E-3CCF-43FE-BBD8-98FA4F80CC47}.Debug|Any CPU.ActiveCfg = Debug|Any CPU
		{5244831E-3CCF-43FE-BBD8-98FA4F80CC47}.Debug|Any CPU.Build.0 = Debug|Any CPU
		{5244831E-3CCF-43FE-BBD8-98FA4F80CC47}.Release|Any CPU.ActiveCfg = Release|Any CPU
		{5244831E-3CCF-43FE-BBD8-98FA4F80CC47}.Release|Any CPU.Build.0 = Release|Any CPU
		{035AB505-6B3A-4AB1-B6CF-FAAB0EDE19D0}.Debug|Any CPU.ActiveCfg = Debug|Any CPU
		{035AB505-6B3A-4AB1-B6CF-FAAB0EDE19D0}.Debug|Any CPU.Build.0 = Debug|Any CPU
		{035AB505-6B3A-4AB1-B6CF-FAAB0EDE19D0}.Release|Any CPU.ActiveCfg = Release|Any CPU
		{035AB505-6B3A-4AB1-B6CF-FAAB0EDE19D0}.Release|Any CPU.Build.0 = Release|Any CPU
	EndGlobalSection
	GlobalSection(SolutionProperties) = preSolution
		HideSolutionNode = FALSE
	EndGlobalSection
	GlobalSection(ExtensibilityGlobals) = postSolution
		SolutionGuid = {A78708C4-BBEE-412F-8F52-CCAA38013AEC}
	EndGlobalSection
EndGlobal
