
Microsoft Visual Studio Solution File, Format Version 12.00
# Visual Studio 15
VisualStudioVersion = 15.0.28307.136
MinimumVisualStudioVersion = 10.0.40219.1
Project("{9A19103F-16F7-4668-BE54-9A1E7A4F7556}") = "01.ListyIterator", "01.ListyIterator\01.ListyIterator.csproj", "{AF0025C1-304D-45CE-B494-7B577D3870B2}"
EndProject
Project("{FAE04EC0-301F-11D3-BF4B-00C04F79EFBC}") = "03.Stack", "03.Stack\03.Stack.csproj", "{B709C1DB-69DD-448D-B00A-E14630F909D7}"
EndProject
Global
	GlobalSection(SolutionConfigurationPlatforms) = preSolution
		Debug|Any CPU = Debug|Any CPU
		Release|Any CPU = Release|Any CPU
	EndGlobalSection
	GlobalSection(ProjectConfigurationPlatforms) = postSolution
		{AF0025C1-304D-45CE-B494-7B577D3870B2}.Debug|Any CPU.ActiveCfg = Debug|Any CPU
		{AF0025C1-304D-45CE-B494-7B577D3870B2}.Debug|Any CPU.Build.0 = Debug|Any CPU
		{AF0025C1-304D-45CE-B494-7B577D3870B2}.Release|Any CPU.ActiveCfg = Release|Any CPU
		{AF0025C1-304D-45CE-B494-7B577D3870B2}.Release|Any CPU.Build.0 = Release|Any CPU
		{B709C1DB-69DD-448D-B00A-E14630F909D7}.Debug|Any CPU.ActiveCfg = Debug|Any CPU
		{B709C1DB-69DD-448D-B00A-E14630F909D7}.Debug|Any CPU.Build.0 = Debug|Any CPU
		{B709C1DB-69DD-448D-B00A-E14630F909D7}.Release|Any CPU.ActiveCfg = Release|Any CPU
		{B709C1DB-69DD-448D-B00A-E14630F909D7}.Release|Any CPU.Build.0 = Release|Any CPU
	EndGlobalSection
	GlobalSection(SolutionProperties) = preSolution
		HideSolutionNode = FALSE
	EndGlobalSection
	GlobalSection(ExtensibilityGlobals) = postSolution
		SolutionGuid = {4B17236A-0327-4C97-AAAC-99806B9CFD8A}
	EndGlobalSection
EndGlobal
