
Microsoft Visual Studio Solution File, Format Version 12.00
# Visual Studio 15
VisualStudioVersion = 15.0.28010.2046
MinimumVisualStudioVersion = 10.0.40219.1
Project("{9A19103F-16F7-4668-BE54-9A1E7A4F7556}") = "01.DefinaAClassPerson", "01.DefinaAClassPerson\01.DefinaAClassPerson.csproj", "{3D8A8653-5337-4545-ADC3-C032B8B5C1EB}"
EndProject
Project("{FAE04EC0-301F-11D3-BF4B-00C04F79EFBC}") = "02.CreatingConstructors", "02.CreatingConstructors\02.CreatingConstructors.csproj", "{9E21232C-811D-4DDF-93E7-9A8092B04C4B}"
EndProject
Project("{FAE04EC0-301F-11D3-BF4B-00C04F79EFBC}") = "03.OldestFamilyMember", "03.OldestFamilyMember\03.OldestFamilyMember.csproj", "{B76FCD60-B9A3-429C-AB6C-398FCCA0F8DF}"
EndProject
Project("{FAE04EC0-301F-11D3-BF4B-00C04F79EFBC}") = "04.OpinionPoll", "04.OpinionPoll\04.OpinionPoll.csproj", "{1053FF9A-3D22-4A7A-AC13-83EF53756198}"
EndProject
Project("{FAE04EC0-301F-11D3-BF4B-00C04F79EFBC}") = "05.DateModifier", "05.DateModifier\05.DateModifier.csproj", "{C64FAE4A-B45C-4987-BE11-0F2316AFE8B2}"
EndProject
Project("{FAE04EC0-301F-11D3-BF4B-00C04F79EFBC}") = "06.CompanyRoster", "06.CompanyRoster\06.CompanyRoster.csproj", "{E54BAAC7-C7A8-4D2A-8B8B-03B18709A236}"
EndProject
Project("{FAE04EC0-301F-11D3-BF4B-00C04F79EFBC}") = "07.SpeedRacing", "07.SpeedRacing\07.SpeedRacing.csproj", "{BDE823ED-FED1-499D-808A-3F67E27A9673}"
EndProject
Project("{FAE04EC0-301F-11D3-BF4B-00C04F79EFBC}") = "08.RawData", "08.RawData\08.RawData.csproj", "{7019F821-8A99-4602-90F1-B990145C5F34}"
EndProject
Project("{FAE04EC0-301F-11D3-BF4B-00C04F79EFBC}") = "09.RectangleInsection", "09.RectangleInsection\09.RectangleInsection.csproj", "{F1C1C10B-1132-4B39-8C69-03D302143108}"
EndProject
Project("{FAE04EC0-301F-11D3-BF4B-00C04F79EFBC}") = "13.FamilyTree", "13.FamilyTree\13.FamilyTree.csproj", "{F16F1C7D-7E21-4684-97C7-FAA0EC59C23B}"
EndProject
Project("{FAE04EC0-301F-11D3-BF4B-00C04F79EFBC}") = "10.CarSalesman", "10.CarSalesman\10.CarSalesman.csproj", "{4CC46483-957F-4A41-824E-2BBA91A5F238}"
EndProject
Project("{FAE04EC0-301F-11D3-BF4B-00C04F79EFBC}") = "11.PokemonTrainer", "11.PokemonTrainer\11.PokemonTrainer.csproj", "{D42781B1-2429-461B-998D-C1D0598EF960}"
EndProject
Global
	GlobalSection(SolutionConfigurationPlatforms) = preSolution
		Debug|Any CPU = Debug|Any CPU
		Release|Any CPU = Release|Any CPU
	EndGlobalSection
	GlobalSection(ProjectConfigurationPlatforms) = postSolution
		{3D8A8653-5337-4545-ADC3-C032B8B5C1EB}.Debug|Any CPU.ActiveCfg = Debug|Any CPU
		{3D8A8653-5337-4545-ADC3-C032B8B5C1EB}.Debug|Any CPU.Build.0 = Debug|Any CPU
		{3D8A8653-5337-4545-ADC3-C032B8B5C1EB}.Release|Any CPU.ActiveCfg = Release|Any CPU
		{3D8A8653-5337-4545-ADC3-C032B8B5C1EB}.Release|Any CPU.Build.0 = Release|Any CPU
		{9E21232C-811D-4DDF-93E7-9A8092B04C4B}.Debug|Any CPU.ActiveCfg = Debug|Any CPU
		{9E21232C-811D-4DDF-93E7-9A8092B04C4B}.Debug|Any CPU.Build.0 = Debug|Any CPU
		{9E21232C-811D-4DDF-93E7-9A8092B04C4B}.Release|Any CPU.ActiveCfg = Release|Any CPU
		{9E21232C-811D-4DDF-93E7-9A8092B04C4B}.Release|Any CPU.Build.0 = Release|Any CPU
		{B76FCD60-B9A3-429C-AB6C-398FCCA0F8DF}.Debug|Any CPU.ActiveCfg = Debug|Any CPU
		{B76FCD60-B9A3-429C-AB6C-398FCCA0F8DF}.Debug|Any CPU.Build.0 = Debug|Any CPU
		{B76FCD60-B9A3-429C-AB6C-398FCCA0F8DF}.Release|Any CPU.ActiveCfg = Release|Any CPU
		{B76FCD60-B9A3-429C-AB6C-398FCCA0F8DF}.Release|Any CPU.Build.0 = Release|Any CPU
		{1053FF9A-3D22-4A7A-AC13-83EF53756198}.Debug|Any CPU.ActiveCfg = Debug|Any CPU
		{1053FF9A-3D22-4A7A-AC13-83EF53756198}.Debug|Any CPU.Build.0 = Debug|Any CPU
		{1053FF9A-3D22-4A7A-AC13-83EF53756198}.Release|Any CPU.ActiveCfg = Release|Any CPU
		{1053FF9A-3D22-4A7A-AC13-83EF53756198}.Release|Any CPU.Build.0 = Release|Any CPU
		{C64FAE4A-B45C-4987-BE11-0F2316AFE8B2}.Debug|Any CPU.ActiveCfg = Debug|Any CPU
		{C64FAE4A-B45C-4987-BE11-0F2316AFE8B2}.Debug|Any CPU.Build.0 = Debug|Any CPU
		{C64FAE4A-B45C-4987-BE11-0F2316AFE8B2}.Release|Any CPU.ActiveCfg = Release|Any CPU
		{C64FAE4A-B45C-4987-BE11-0F2316AFE8B2}.Release|Any CPU.Build.0 = Release|Any CPU
		{E54BAAC7-C7A8-4D2A-8B8B-03B18709A236}.Debug|Any CPU.ActiveCfg = Debug|Any CPU
		{E54BAAC7-C7A8-4D2A-8B8B-03B18709A236}.Debug|Any CPU.Build.0 = Debug|Any CPU
		{E54BAAC7-C7A8-4D2A-8B8B-03B18709A236}.Release|Any CPU.ActiveCfg = Release|Any CPU
		{E54BAAC7-C7A8-4D2A-8B8B-03B18709A236}.Release|Any CPU.Build.0 = Release|Any CPU
		{BDE823ED-FED1-499D-808A-3F67E27A9673}.Debug|Any CPU.ActiveCfg = Debug|Any CPU
		{BDE823ED-FED1-499D-808A-3F67E27A9673}.Debug|Any CPU.Build.0 = Debug|Any CPU
		{BDE823ED-FED1-499D-808A-3F67E27A9673}.Release|Any CPU.ActiveCfg = Release|Any CPU
		{BDE823ED-FED1-499D-808A-3F67E27A9673}.Release|Any CPU.Build.0 = Release|Any CPU
		{7019F821-8A99-4602-90F1-B990145C5F34}.Debug|Any CPU.ActiveCfg = Debug|Any CPU
		{7019F821-8A99-4602-90F1-B990145C5F34}.Debug|Any CPU.Build.0 = Debug|Any CPU
		{7019F821-8A99-4602-90F1-B990145C5F34}.Release|Any CPU.ActiveCfg = Release|Any CPU
		{7019F821-8A99-4602-90F1-B990145C5F34}.Release|Any CPU.Build.0 = Release|Any CPU
		{F1C1C10B-1132-4B39-8C69-03D302143108}.Debug|Any CPU.ActiveCfg = Debug|Any CPU
		{F1C1C10B-1132-4B39-8C69-03D302143108}.Debug|Any CPU.Build.0 = Debug|Any CPU
		{F1C1C10B-1132-4B39-8C69-03D302143108}.Release|Any CPU.ActiveCfg = Release|Any CPU
		{F1C1C10B-1132-4B39-8C69-03D302143108}.Release|Any CPU.Build.0 = Release|Any CPU
		{F16F1C7D-7E21-4684-97C7-FAA0EC59C23B}.Debug|Any CPU.ActiveCfg = Debug|Any CPU
		{F16F1C7D-7E21-4684-97C7-FAA0EC59C23B}.Debug|Any CPU.Build.0 = Debug|Any CPU
		{F16F1C7D-7E21-4684-97C7-FAA0EC59C23B}.Release|Any CPU.ActiveCfg = Release|Any CPU
		{F16F1C7D-7E21-4684-97C7-FAA0EC59C23B}.Release|Any CPU.Build.0 = Release|Any CPU
		{4CC46483-957F-4A41-824E-2BBA91A5F238}.Debug|Any CPU.ActiveCfg = Debug|Any CPU
		{4CC46483-957F-4A41-824E-2BBA91A5F238}.Debug|Any CPU.Build.0 = Debug|Any CPU
		{4CC46483-957F-4A41-824E-2BBA91A5F238}.Release|Any CPU.ActiveCfg = Release|Any CPU
		{4CC46483-957F-4A41-824E-2BBA91A5F238}.Release|Any CPU.Build.0 = Release|Any CPU
		{D42781B1-2429-461B-998D-C1D0598EF960}.Debug|Any CPU.ActiveCfg = Debug|Any CPU
		{D42781B1-2429-461B-998D-C1D0598EF960}.Debug|Any CPU.Build.0 = Debug|Any CPU
		{D42781B1-2429-461B-998D-C1D0598EF960}.Release|Any CPU.ActiveCfg = Release|Any CPU
		{D42781B1-2429-461B-998D-C1D0598EF960}.Release|Any CPU.Build.0 = Release|Any CPU
	EndGlobalSection
	GlobalSection(SolutionProperties) = preSolution
		HideSolutionNode = FALSE
	EndGlobalSection
	GlobalSection(ExtensibilityGlobals) = postSolution
		SolutionGuid = {9B9672E8-52B2-4087-A948-551CF236419F}
	EndGlobalSection
EndGlobal
